// !$*UTF8*$!
{
	archiveVersion = 1;
	classes = {
	};
	objectVersion = 56;
	objects = {

/* Begin PBXBuildFile section */
		3615E9622AC29330002922E0 /* ConfirmView.swift in Sources */ = {isa = PBXBuildFile; fileRef = 3615E9612AC29330002922E0 /* ConfirmView.swift */; };
		3639AC8A2AC2C6E30069D008 /* ResultView.swift in Sources */ = {isa = PBXBuildFile; fileRef = 3639AC892AC2C6E30069D008 /* ResultView.swift */; };
		A1A32FED2AB899A900F88724 /* VisionProExampleApp.swift in Sources */ = {isa = PBXBuildFile; fileRef = A1A32FEC2AB899A900F88724 /* VisionProExampleApp.swift */; };
		A1A32FEF2AB899A900F88724 /* HomeView.swift in Sources */ = {isa = PBXBuildFile; fileRef = A1A32FEE2AB899A900F88724 /* HomeView.swift */; };
		A1A32FF12AB899AB00F88724 /* Assets.xcassets in Resources */ = {isa = PBXBuildFile; fileRef = A1A32FF02AB899AB00F88724 /* Assets.xcassets */; };
		A1A32FF42AB899AB00F88724 /* Preview Assets.xcassets in Resources */ = {isa = PBXBuildFile; fileRef = A1A32FF32AB899AB00F88724 /* Preview Assets.xcassets */; };
		A1A330052AB8AA6400F88724 /* QRView.swift in Sources */ = {isa = PBXBuildFile; fileRef = A1A330042AB8AA6400F88724 /* QRView.swift */; };
		A1A330072AB9933600F88724 /* HomeViewModel.swift in Sources */ = {isa = PBXBuildFile; fileRef = A1A330062AB9933600F88724 /* HomeViewModel.swift */; };
		A1A3300A2AB99C9400F88724 /* Double+Ext.swift in Sources */ = {isa = PBXBuildFile; fileRef = A1A330092AB99C9400F88724 /* Double+Ext.swift */; };
		A1A3300C2ABA9E8500F88724 /* HistoryDetail.swift in Sources */ = {isa = PBXBuildFile; fileRef = A1A3300B2ABA9E8500F88724 /* HistoryDetail.swift */; };
		A1A3300E2ABAA15000F88724 /* AppNavigator.swift in Sources */ = {isa = PBXBuildFile; fileRef = A1A3300D2ABAA15000F88724 /* AppNavigator.swift */; };
		A1A330112ABD364D00F88724 /* AccountAndCardView.swift in Sources */ = {isa = PBXBuildFile; fileRef = A1A330102ABD364D00F88724 /* AccountAndCardView.swift */; };
		A1A330132ABD3A1F00F88724 /* AccountCardViewModel.swift in Sources */ = {isa = PBXBuildFile; fileRef = A1A330122ABD3A1F00F88724 /* AccountCardViewModel.swift */; };
		A1A330162AC12F4200F88724 /* MoveMoneySheet.swift in Sources */ = {isa = PBXBuildFile; fileRef = A1A330152AC12F4200F88724 /* MoveMoneySheet.swift */; };
		A1A330192AC1404300F88724 /* CardLessView.swift in Sources */ = {isa = PBXBuildFile; fileRef = A1A330182AC1404300F88724 /* CardLessView.swift */; };
/* End PBXBuildFile section */

/* Begin PBXFileReference section */
		3615E9612AC29330002922E0 /* ConfirmView.swift */ = {isa = PBXFileReference; lastKnownFileType = sourcecode.swift; path = ConfirmView.swift; sourceTree = "<group>"; };
		3639AC892AC2C6E30069D008 /* ResultView.swift */ = {isa = PBXFileReference; lastKnownFileType = sourcecode.swift; path = ResultView.swift; sourceTree = "<group>"; };
		A1A32FE52AB899A900F88724 /* VisionProExample.app */ = {isa = PBXFileReference; explicitFileType = wrapper.application; includeInIndex = 0; path = VisionProExample.app; sourceTree = BUILT_PRODUCTS_DIR; };
		A1A32FEC2AB899A900F88724 /* VisionProExampleApp.swift */ = {isa = PBXFileReference; lastKnownFileType = sourcecode.swift; path = VisionProExampleApp.swift; sourceTree = "<group>"; };
		A1A32FEE2AB899A900F88724 /* HomeView.swift */ = {isa = PBXFileReference; lastKnownFileType = sourcecode.swift; path = HomeView.swift; sourceTree = "<group>"; };
		A1A32FF02AB899AB00F88724 /* Assets.xcassets */ = {isa = PBXFileReference; lastKnownFileType = folder.assetcatalog; path = Assets.xcassets; sourceTree = "<group>"; };
		A1A32FF32AB899AB00F88724 /* Preview Assets.xcassets */ = {isa = PBXFileReference; lastKnownFileType = folder.assetcatalog; path = "Preview Assets.xcassets"; sourceTree = "<group>"; };
		A1A32FF52AB899AB00F88724 /* Info.plist */ = {isa = PBXFileReference; lastKnownFileType = text.plist.xml; path = Info.plist; sourceTree = "<group>"; };
		A1A330042AB8AA6400F88724 /* QRView.swift */ = {isa = PBXFileReference; lastKnownFileType = sourcecode.swift; path = QRView.swift; sourceTree = "<group>"; };
		A1A330062AB9933600F88724 /* HomeViewModel.swift */ = {isa = PBXFileReference; lastKnownFileType = sourcecode.swift; path = HomeViewModel.swift; sourceTree = "<group>"; };
		A1A330092AB99C9400F88724 /* Double+Ext.swift */ = {isa = PBXFileReference; lastKnownFileType = sourcecode.swift; path = "Double+Ext.swift"; sourceTree = "<group>"; };
		A1A3300B2ABA9E8500F88724 /* HistoryDetail.swift */ = {isa = PBXFileReference; lastKnownFileType = sourcecode.swift; path = HistoryDetail.swift; sourceTree = "<group>"; };
		A1A3300D2ABAA15000F88724 /* AppNavigator.swift */ = {isa = PBXFileReference; lastKnownFileType = sourcecode.swift; path = AppNavigator.swift; sourceTree = "<group>"; };
		A1A330102ABD364D00F88724 /* AccountAndCardView.swift */ = {isa = PBXFileReference; lastKnownFileType = sourcecode.swift; path = AccountAndCardView.swift; sourceTree = "<group>"; };
		A1A330122ABD3A1F00F88724 /* AccountCardViewModel.swift */ = {isa = PBXFileReference; lastKnownFileType = sourcecode.swift; path = AccountCardViewModel.swift; sourceTree = "<group>"; };
		A1A330152AC12F4200F88724 /* MoveMoneySheet.swift */ = {isa = PBXFileReference; lastKnownFileType = sourcecode.swift; path = MoveMoneySheet.swift; sourceTree = "<group>"; };
		A1A330182AC1404300F88724 /* CardLessView.swift */ = {isa = PBXFileReference; lastKnownFileType = sourcecode.swift; path = CardLessView.swift; sourceTree = "<group>"; };
/* End PBXFileReference section */

/* Begin PBXFrameworksBuildPhase section */
		A1A32FE22AB899A900F88724 /* Frameworks */ = {
			isa = PBXFrameworksBuildPhase;
			buildActionMask = 2147483647;
			files = (
			);
			runOnlyForDeploymentPostprocessing = 0;
		};
/* End PBXFrameworksBuildPhase section */

/* Begin PBXGroup section */
		3615E9602AC292F4002922E0 /* Confirm */ = {
			isa = PBXGroup;
			children = (
				3615E9612AC29330002922E0 /* ConfirmView.swift */,
			);
			path = Confirm;
			sourceTree = "<group>";
		};
		3639AC882AC2C6D70069D008 /* Result */ = {
			isa = PBXGroup;
			children = (
				3639AC892AC2C6E30069D008 /* ResultView.swift */,
			);
			path = Result;
			sourceTree = "<group>";
		};
		A1A32FDC2AB899A900F88724 = {
			isa = PBXGroup;
			children = (
				A1A32FE72AB899A900F88724 /* VisionProExample */,
				A1A32FE62AB899A900F88724 /* Products */,
			);
			sourceTree = "<group>";
		};
		A1A32FE62AB899A900F88724 /* Products */ = {
			isa = PBXGroup;
			children = (
				A1A32FE52AB899A900F88724 /* VisionProExample.app */,
			);
			name = Products;
			sourceTree = "<group>";
		};
		A1A32FE72AB899A900F88724 /* VisionProExample */ = {
			isa = PBXGroup;
			children = (
				A1A32FEC2AB899A900F88724 /* VisionProExampleApp.swift */,
				A1A32FFB2AB89B3900F88724 /* Sources */,
				A1A32FF02AB899AB00F88724 /* Assets.xcassets */,
				A1A32FF52AB899AB00F88724 /* Info.plist */,
				A1A32FF22AB899AB00F88724 /* Preview Content */,
			);
			path = VisionProExample;
			sourceTree = "<group>";
		};
		A1A32FF22AB899AB00F88724 /* Preview Content */ = {
			isa = PBXGroup;
			children = (
				A1A32FF32AB899AB00F88724 /* Preview Assets.xcassets */,
			);
			path = "Preview Content";
			sourceTree = "<group>";
		};
		A1A32FFB2AB89B3900F88724 /* Sources */ = {
			isa = PBXGroup;
			children = (
				A1A32FFD2AB89B4700F88724 /* Domain */,
				A1A32FFC2AB89B4100F88724 /* App */,
			);
			path = Sources;
			sourceTree = "<group>";
		};
		A1A32FFC2AB89B4100F88724 /* App */ = {
			isa = PBXGroup;
			children = (
				A1A330082AB99C8900F88724 /* Helpers */,
				A1A330002AB89B6A00F88724 /* Module */,
			);
			path = App;
			sourceTree = "<group>";
		};
		A1A32FFD2AB89B4700F88724 /* Domain */ = {
			isa = PBXGroup;
			children = (
				A1A32FFF2AB89B5700F88724 /* Model */,
				A1A32FFE2AB89B5200F88724 /* UseCase */,
			);
			path = Domain;
			sourceTree = "<group>";
		};
		A1A32FFE2AB89B5200F88724 /* UseCase */ = {
			isa = PBXGroup;
			children = (
			);
			path = UseCase;
			sourceTree = "<group>";
		};
		A1A32FFF2AB89B5700F88724 /* Model */ = {
			isa = PBXGroup;
			children = (
			);
			path = Model;
			sourceTree = "<group>";
		};
		A1A330002AB89B6A00F88724 /* Module */ = {
			isa = PBXGroup;
			children = (
				3639AC882AC2C6D70069D008 /* Result */,
				3615E9602AC292F4002922E0 /* Confirm */,
				A1A330012AB89B7000F88724 /* Dashboard */,
				A1A330172AC1403900F88724 /* CardLess */,
				A1A330142AC12F3100F88724 /* MoveMoney */,
				A1A3300F2ABD362E00F88724 /* AccountCard */,
				A1A330022AB89B7900F88724 /* History */,
				A1A330032AB89B8500F88724 /* QR */,
			);
			path = Module;
			sourceTree = "<group>";
		};
		A1A330012AB89B7000F88724 /* Dashboard */ = {
			isa = PBXGroup;
			children = (
				A1A32FEE2AB899A900F88724 /* HomeView.swift */,
				A1A330062AB9933600F88724 /* HomeViewModel.swift */,
				A1A3300D2ABAA15000F88724 /* AppNavigator.swift */,
			);
			path = Dashboard;
			sourceTree = "<group>";
		};
		A1A330022AB89B7900F88724 /* History */ = {
			isa = PBXGroup;
			children = (
				A1A3300B2ABA9E8500F88724 /* HistoryDetail.swift */,
			);
			path = History;
			sourceTree = "<group>";
		};
		A1A330032AB89B8500F88724 /* QR */ = {
			isa = PBXGroup;
			children = (
				A1A330042AB8AA6400F88724 /* QRView.swift */,
			);
			path = QR;
			sourceTree = "<group>";
		};
		A1A330082AB99C8900F88724 /* Helpers */ = {
			isa = PBXGroup;
			children = (
				A1A330092AB99C9400F88724 /* Double+Ext.swift */,
			);
			path = Helpers;
			sourceTree = "<group>";
		};
		A1A3300F2ABD362E00F88724 /* AccountCard */ = {
			isa = PBXGroup;
			children = (
				A1A330102ABD364D00F88724 /* AccountAndCardView.swift */,
				A1A330122ABD3A1F00F88724 /* AccountCardViewModel.swift */,
			);
			path = AccountCard;
			sourceTree = "<group>";
		};
		A1A330142AC12F3100F88724 /* MoveMoney */ = {
			isa = PBXGroup;
			children = (
				A1A330152AC12F4200F88724 /* MoveMoneySheet.swift */,
			);
			path = MoveMoney;
			sourceTree = "<group>";
		};
		A1A330172AC1403900F88724 /* CardLess */ = {
			isa = PBXGroup;
			children = (
				A1A330182AC1404300F88724 /* CardLessView.swift */,
			);
			path = CardLess;
			sourceTree = "<group>";
		};
/* End PBXGroup section */

/* Begin PBXNativeTarget section */
		A1A32FE42AB899A900F88724 /* VisionProExample */ = {
			isa = PBXNativeTarget;
			buildConfigurationList = A1A32FF82AB899AB00F88724 /* Build configuration list for PBXNativeTarget "VisionProExample" */;
			buildPhases = (
				A1A32FE12AB899A900F88724 /* Sources */,
				A1A32FE22AB899A900F88724 /* Frameworks */,
				A1A32FE32AB899A900F88724 /* Resources */,
			);
			buildRules = (
			);
			dependencies = (
			);
			name = VisionProExample;
			packageProductDependencies = (
			);
			productName = VisionProExample;
			productReference = A1A32FE52AB899A900F88724 /* VisionProExample.app */;
			productType = "com.apple.product-type.application";
		};
/* End PBXNativeTarget section */

/* Begin PBXProject section */
		A1A32FDD2AB899A900F88724 /* Project object */ = {
			isa = PBXProject;
			attributes = {
				BuildIndependentTargetsInParallel = 1;
				LastSwiftUpdateCheck = 1500;
				LastUpgradeCheck = 1500;
				TargetAttributes = {
					A1A32FE42AB899A900F88724 = {
						CreatedOnToolsVersion = 15.0;
					};
				};
			};
			buildConfigurationList = A1A32FE02AB899A900F88724 /* Build configuration list for PBXProject "VisionProExample" */;
			compatibilityVersion = "Xcode 14.0";
			developmentRegion = en;
			hasScannedForEncodings = 0;
			knownRegions = (
				en,
				Base,
			);
			mainGroup = A1A32FDC2AB899A900F88724;
			productRefGroup = A1A32FE62AB899A900F88724 /* Products */;
			projectDirPath = "";
			projectRoot = "";
			targets = (
				A1A32FE42AB899A900F88724 /* VisionProExample */,
			);
		};
/* End PBXProject section */

/* Begin PBXResourcesBuildPhase section */
		A1A32FE32AB899A900F88724 /* Resources */ = {
			isa = PBXResourcesBuildPhase;
			buildActionMask = 2147483647;
			files = (
				A1A32FF42AB899AB00F88724 /* Preview Assets.xcassets in Resources */,
				A1A32FF12AB899AB00F88724 /* Assets.xcassets in Resources */,
			);
			runOnlyForDeploymentPostprocessing = 0;
		};
/* End PBXResourcesBuildPhase section */

/* Begin PBXSourcesBuildPhase section */
		A1A32FE12AB899A900F88724 /* Sources */ = {
			isa = PBXSourcesBuildPhase;
			buildActionMask = 2147483647;
			files = (
				A1A330112ABD364D00F88724 /* AccountAndCardView.swift in Sources */,
				A1A32FEF2AB899A900F88724 /* HomeView.swift in Sources */,
				A1A330052AB8AA6400F88724 /* QRView.swift in Sources */,
				A1A330192AC1404300F88724 /* CardLessView.swift in Sources */,
				A1A32FED2AB899A900F88724 /* VisionProExampleApp.swift in Sources */,
				3639AC8A2AC2C6E30069D008 /* ResultView.swift in Sources */,
				3615E9622AC29330002922E0 /* ConfirmView.swift in Sources */,
				A1A330072AB9933600F88724 /* HomeViewModel.swift in Sources */,
				A1A330162AC12F4200F88724 /* MoveMoneySheet.swift in Sources */,
				A1A3300E2ABAA15000F88724 /* AppNavigator.swift in Sources */,
				A1A3300A2AB99C9400F88724 /* Double+Ext.swift in Sources */,
				A1A330132ABD3A1F00F88724 /* AccountCardViewModel.swift in Sources */,
				A1A3300C2ABA9E8500F88724 /* HistoryDetail.swift in Sources */,
			);
			runOnlyForDeploymentPostprocessing = 0;
		};
/* End PBXSourcesBuildPhase section */

/* Begin XCBuildConfiguration section */
		A1A32FF62AB899AB00F88724 /* Debug */ = {
			isa = XCBuildConfiguration;
			buildSettings = {
				ALWAYS_SEARCH_USER_PATHS = NO;
				ASSETCATALOG_COMPILER_GENERATE_SWIFT_ASSET_SYMBOL_EXTENSIONS = YES;
				CLANG_ANALYZER_NONNULL = YES;
				CLANG_ANALYZER_NUMBER_OBJECT_CONVERSION = YES_AGGRESSIVE;
				CLANG_CXX_LANGUAGE_STANDARD = "gnu++20";
				CLANG_ENABLE_MODULES = YES;
				CLANG_ENABLE_OBJC_ARC = YES;
				CLANG_ENABLE_OBJC_WEAK = YES;
				CLANG_WARN_BLOCK_CAPTURE_AUTORELEASING = YES;
				CLANG_WARN_BOOL_CONVERSION = YES;
				CLANG_WARN_COMMA = YES;
				CLANG_WARN_CONSTANT_CONVERSION = YES;
				CLANG_WARN_DEPRECATED_OBJC_IMPLEMENTATIONS = YES;
				CLANG_WARN_DIRECT_OBJC_ISA_USAGE = YES_ERROR;
				CLANG_WARN_DOCUMENTATION_COMMENTS = YES;
				CLANG_WARN_EMPTY_BODY = YES;
				CLANG_WARN_ENUM_CONVERSION = YES;
				CLANG_WARN_INFINITE_RECURSION = YES;
				CLANG_WARN_INT_CONVERSION = YES;
				CLANG_WARN_NON_LITERAL_NULL_CONVERSION = YES;
				CLANG_WARN_OBJC_IMPLICIT_RETAIN_SELF = YES;
				CLANG_WARN_OBJC_LITERAL_CONVERSION = YES;
				CLANG_WARN_OBJC_ROOT_CLASS = YES_ERROR;
				CLANG_WARN_QUOTED_INCLUDE_IN_FRAMEWORK_HEADER = YES;
				CLANG_WARN_RANGE_LOOP_ANALYSIS = YES;
				CLANG_WARN_STRICT_PROTOTYPES = YES;
				CLANG_WARN_SUSPICIOUS_MOVE = YES;
				CLANG_WARN_UNGUARDED_AVAILABILITY = YES_AGGRESSIVE;
				CLANG_WARN_UNREACHABLE_CODE = YES;
				CLANG_WARN__DUPLICATE_METHOD_MATCH = YES;
				COPY_PHASE_STRIP = NO;
				DEBUG_INFORMATION_FORMAT = dwarf;
				ENABLE_STRICT_OBJC_MSGSEND = YES;
				ENABLE_TESTABILITY = YES;
				ENABLE_USER_SCRIPT_SANDBOXING = YES;
				GCC_C_LANGUAGE_STANDARD = gnu17;
				GCC_DYNAMIC_NO_PIC = NO;
				GCC_NO_COMMON_BLOCKS = YES;
				GCC_OPTIMIZATION_LEVEL = 0;
				GCC_PREPROCESSOR_DEFINITIONS = (
					"DEBUG=1",
					"$(inherited)",
				);
				GCC_WARN_64_TO_32_BIT_CONVERSION = YES;
				GCC_WARN_ABOUT_RETURN_TYPE = YES_ERROR;
				GCC_WARN_UNDECLARED_SELECTOR = YES;
				GCC_WARN_UNINITIALIZED_AUTOS = YES_AGGRESSIVE;
				GCC_WARN_UNUSED_FUNCTION = YES;
				GCC_WARN_UNUSED_VARIABLE = YES;
				LOCALIZATION_PREFERS_STRING_CATALOGS = YES;
				MTL_ENABLE_DEBUG_INFO = INCLUDE_SOURCE;
				MTL_FAST_MATH = YES;
				ONLY_ACTIVE_ARCH = YES;
				SDKROOT = xros;
				SWIFT_ACTIVE_COMPILATION_CONDITIONS = "DEBUG $(inherited)";
				SWIFT_OPTIMIZATION_LEVEL = "-Onone";
				XROS_DEPLOYMENT_TARGET = 1.0;
			};
			name = Debug;
		};
		A1A32FF72AB899AB00F88724 /* Release */ = {
			isa = XCBuildConfiguration;
			buildSettings = {
				ALWAYS_SEARCH_USER_PATHS = NO;
				ASSETCATALOG_COMPILER_GENERATE_SWIFT_ASSET_SYMBOL_EXTENSIONS = YES;
				CLANG_ANALYZER_NONNULL = YES;
				CLANG_ANALYZER_NUMBER_OBJECT_CONVERSION = YES_AGGRESSIVE;
				CLANG_CXX_LANGUAGE_STANDARD = "gnu++20";
				CLANG_ENABLE_MODULES = YES;
				CLANG_ENABLE_OBJC_ARC = YES;
				CLANG_ENABLE_OBJC_WEAK = YES;
				CLANG_WARN_BLOCK_CAPTURE_AUTORELEASING = YES;
				CLANG_WARN_BOOL_CONVERSION = YES;
				CLANG_WARN_COMMA = YES;
				CLANG_WARN_CONSTANT_CONVERSION = YES;
				CLANG_WARN_DEPRECATED_OBJC_IMPLEMENTATIONS = YES;
				CLANG_WARN_DIRECT_OBJC_ISA_USAGE = YES_ERROR;
				CLANG_WARN_DOCUMENTATION_COMMENTS = YES;
				CLANG_WARN_EMPTY_BODY = YES;
				CLANG_WARN_ENUM_CONVERSION = YES;
				CLANG_WARN_INFINITE_RECURSION = YES;
				CLANG_WARN_INT_CONVERSION = YES;
				CLANG_WARN_NON_LITERAL_NULL_CONVERSION = YES;
				CLANG_WARN_OBJC_IMPLICIT_RETAIN_SELF = YES;
				CLANG_WARN_OBJC_LITERAL_CONVERSION = YES;
				CLANG_WARN_OBJC_ROOT_CLASS = YES_ERROR;
				CLANG_WARN_QUOTED_INCLUDE_IN_FRAMEWORK_HEADER = YES;
				CLANG_WARN_RANGE_LOOP_ANALYSIS = YES;
				CLANG_WARN_STRICT_PROTOTYPES = YES;
				CLANG_WARN_SUSPICIOUS_MOVE = YES;
				CLANG_WARN_UNGUARDED_AVAILABILITY = YES_AGGRESSIVE;
				CLANG_WARN_UNREACHABLE_CODE = YES;
				CLANG_WARN__DUPLICATE_METHOD_MATCH = YES;
				COPY_PHASE_STRIP = NO;
				DEBUG_INFORMATION_FORMAT = "dwarf-with-dsym";
				ENABLE_NS_ASSERTIONS = NO;
				ENABLE_STRICT_OBJC_MSGSEND = YES;
				ENABLE_USER_SCRIPT_SANDBOXING = YES;
				GCC_C_LANGUAGE_STANDARD = gnu17;
				GCC_NO_COMMON_BLOCKS = YES;
				GCC_WARN_64_TO_32_BIT_CONVERSION = YES;
				GCC_WARN_ABOUT_RETURN_TYPE = YES_ERROR;
				GCC_WARN_UNDECLARED_SELECTOR = YES;
				GCC_WARN_UNINITIALIZED_AUTOS = YES_AGGRESSIVE;
				GCC_WARN_UNUSED_FUNCTION = YES;
				GCC_WARN_UNUSED_VARIABLE = YES;
				LOCALIZATION_PREFERS_STRING_CATALOGS = YES;
				MTL_ENABLE_DEBUG_INFO = NO;
				MTL_FAST_MATH = YES;
				SDKROOT = xros;
				SWIFT_COMPILATION_MODE = wholemodule;
				VALIDATE_PRODUCT = YES;
				XROS_DEPLOYMENT_TARGET = 1.0;
			};
			name = Release;
		};
		A1A32FF92AB899AB00F88724 /* Debug */ = {
			isa = XCBuildConfiguration;
			buildSettings = {
				ASSETCATALOG_COMPILER_APPICON_NAME = AppIcon;
				ASSETCATALOG_COMPILER_GLOBAL_ACCENT_COLOR_NAME = AccentColor;
				CODE_SIGN_STYLE = Automatic;
				CURRENT_PROJECT_VERSION = 1;
				DEVELOPMENT_ASSET_PATHS = "\"VisionProExample/Preview Content\"";
				ENABLE_PREVIEWS = YES;
				GENERATE_INFOPLIST_FILE = YES;
				INFOPLIST_FILE = "$(TARGET_NAME)/Info.plist";
				LD_RUNPATH_SEARCH_PATHS = (
					"$(inherited)",
					"@executable_path/Frameworks",
				);
				MARKETING_VERSION = 1.0;
				PRODUCT_BUNDLE_IDENTIFIER = me.vision.pro.exp.VisionProExample;
				PRODUCT_NAME = "$(TARGET_NAME)";
				SUPPORTED_PLATFORMS = "xros xrsimulator";
				SWIFT_EMIT_LOC_STRINGS = YES;
				SWIFT_VERSION = 5.0;
				TARGETED_DEVICE_FAMILY = "1,2,7";
			};
			name = Debug;
		};
		A1A32FFA2AB899AB00F88724 /* Release */ = {
			isa = XCBuildConfiguration;
			buildSettings = {
				ASSETCATALOG_COMPILER_APPICON_NAME = AppIcon;
				ASSETCATALOG_COMPILER_GLOBAL_ACCENT_COLOR_NAME = AccentColor;
				CODE_SIGN_STYLE = Automatic;
				CURRENT_PROJECT_VERSION = 1;
				DEVELOPMENT_ASSET_PATHS = "\"VisionProExample/Preview Content\"";
				ENABLE_PREVIEWS = YES;
				GENERATE_INFOPLIST_FILE = YES;
				INFOPLIST_FILE = "$(TARGET_NAME)/Info.plist";
				LD_RUNPATH_SEARCH_PATHS = (
					"$(inherited)",
					"@executable_path/Frameworks",
				);
				MARKETING_VERSION = 1.0;
				PRODUCT_BUNDLE_IDENTIFIER = me.vision.pro.exp.VisionProExample;
				PRODUCT_NAME = "$(TARGET_NAME)";
				SUPPORTED_PLATFORMS = "xros xrsimulator";
				SWIFT_EMIT_LOC_STRINGS = YES;
				SWIFT_VERSION = 5.0;
				TARGETED_DEVICE_FAMILY = "1,2,7";
			};
			name = Release;
		};
/* End XCBuildConfiguration section */

/* Begin XCConfigurationList section */
		A1A32FE02AB899A900F88724 /* Build configuration list for PBXProject "VisionProExample" */ = {
			isa = XCConfigurationList;
			buildConfigurations = (
				A1A32FF62AB899AB00F88724 /* Debug */,
				A1A32FF72AB899AB00F88724 /* Release */,
			);
			defaultConfigurationIsVisible = 0;
			defaultConfigurationName = Release;
		};
		A1A32FF82AB899AB00F88724 /* Build configuration list for PBXNativeTarget "VisionProExample" */ = {
			isa = XCConfigurationList;
			buildConfigurations = (
				A1A32FF92AB899AB00F88724 /* Debug */,
				A1A32FFA2AB899AB00F88724 /* Release */,
			);
			defaultConfigurationIsVisible = 0;
			defaultConfigurationName = Release;
		};
/* End XCConfigurationList section */
	};
	rootObject = A1A32FDD2AB899A900F88724 /* Project object */;
}
